// !$*UTF8*$!
{
	archiveVersion = 1;
	classes = {
	};
	objectVersion = 50;
	objects = {

/* Begin PBXBuildFile section */
		5126B7CD309ABBB7692D5A58 /* Pods_URLSessionBPTests.framework in Frameworks */ = {isa = PBXBuildFile; fileRef = D767767EA121CC174E12B299 /* Pods_URLSessionBPTests.framework */; };
		8B2E296C21EFDD3A00A125CD /* GoogleService-Info.plist in Resources */ = {isa = PBXBuildFile; fileRef = 8B2E296B21EFDD3A00A125CD /* GoogleService-Info.plist */; };
		8B96CA9C21F1374A00615D5F /* AssignmentTableView.swift in Sources */ = {isa = PBXBuildFile; fileRef = 8B96CA9B21F1374A00615D5F /* AssignmentTableView.swift */; };
		8BBBD93A21EAB8790055FF57 /* AssignmentModel.swift in Sources */ = {isa = PBXBuildFile; fileRef = 8BBBD93921EAB8790055FF57 /* AssignmentModel.swift */; };
		8BD103F221D8282F00B5A4ED /* AppDelegate.swift in Sources */ = {isa = PBXBuildFile; fileRef = 8BD103F121D8282F00B5A4ED /* AppDelegate.swift */; };
		8BD103F721D8282F00B5A4ED /* Main.storyboard in Resources */ = {isa = PBXBuildFile; fileRef = 8BD103F521D8282F00B5A4ED /* Main.storyboard */; };
		8BD103FA21D8282F00B5A4ED /* URLSessionBP.xcdatamodeld in Sources */ = {isa = PBXBuildFile; fileRef = 8BD103F821D8282F00B5A4ED /* URLSessionBP.xcdatamodeld */; };
		8BD103FC21D8283100B5A4ED /* Assets.xcassets in Resources */ = {isa = PBXBuildFile; fileRef = 8BD103FB21D8283100B5A4ED /* Assets.xcassets */; };
		8BD103FF21D8283100B5A4ED /* LaunchScreen.storyboard in Resources */ = {isa = PBXBuildFile; fileRef = 8BD103FD21D8283100B5A4ED /* LaunchScreen.storyboard */; };
		8BD1040A21D8283100B5A4ED /* URLSessionBPTests.swift in Sources */ = {isa = PBXBuildFile; fileRef = 8BD1040921D8283100B5A4ED /* URLSessionBPTests.swift */; };
		8BD1041521D8283100B5A4ED /* URLSessionBPUITests.swift in Sources */ = {isa = PBXBuildFile; fileRef = 8BD1041421D8283100B5A4ED /* URLSessionBPUITests.swift */; };
		9AEE84DF87775F8CD668B714 /* Pods_URLSessionBP.framework in Frameworks */ = {isa = PBXBuildFile; fileRef = 5AFDB9460A023C798ECA7CCA /* Pods_URLSessionBP.framework */; };
		F768DBEFAA81AC2BF82DCDD9 /* Pods_URLSessionBPUITests.framework in Frameworks */ = {isa = PBXBuildFile; fileRef = A04C6B15AB7E05CCBF9EED26 /* Pods_URLSessionBPUITests.framework */; };
/* End PBXBuildFile section */

/* Begin PBXContainerItemProxy section */
		8BD1040621D8283100B5A4ED /* PBXContainerItemProxy */ = {
			isa = PBXContainerItemProxy;
			containerPortal = 8BD103E621D8282F00B5A4ED /* Project object */;
			proxyType = 1;
			remoteGlobalIDString = 8BD103ED21D8282F00B5A4ED;
			remoteInfo = URLSessionBP;
		};
		8BD1041121D8283100B5A4ED /* PBXContainerItemProxy */ = {
			isa = PBXContainerItemProxy;
			containerPortal = 8BD103E621D8282F00B5A4ED /* Project object */;
			proxyType = 1;
			remoteGlobalIDString = 8BD103ED21D8282F00B5A4ED;
			remoteInfo = URLSessionBP;
		};
/* End PBXContainerItemProxy section */

/* Begin PBXFileReference section */
		19AF601AB3903AF2D3F222D9 /* Pods-URLSessionBP.release.xcconfig */ = {isa = PBXFileReference; includeInIndex = 1; lastKnownFileType = text.xcconfig; name = "Pods-URLSessionBP.release.xcconfig"; path = "Pods/Target Support Files/Pods-URLSessionBP/Pods-URLSessionBP.release.xcconfig"; sourceTree = "<group>"; };
		3EEEFFC641908F04F4701773 /* Pods-URLSessionBPUITests.release.xcconfig */ = {isa = PBXFileReference; includeInIndex = 1; lastKnownFileType = text.xcconfig; name = "Pods-URLSessionBPUITests.release.xcconfig"; path = "Pods/Target Support Files/Pods-URLSessionBPUITests/Pods-URLSessionBPUITests.release.xcconfig"; sourceTree = "<group>"; };
		5AFDB9460A023C798ECA7CCA /* Pods_URLSessionBP.framework */ = {isa = PBXFileReference; explicitFileType = wrapper.framework; includeInIndex = 0; path = Pods_URLSessionBP.framework; sourceTree = BUILT_PRODUCTS_DIR; };
		68A63FC607B7BF78133CC319 /* Pods-URLSessionBPTests.debug.xcconfig */ = {isa = PBXFileReference; includeInIndex = 1; lastKnownFileType = text.xcconfig; name = "Pods-URLSessionBPTests.debug.xcconfig"; path = "Pods/Target Support Files/Pods-URLSessionBPTests/Pods-URLSessionBPTests.debug.xcconfig"; sourceTree = "<group>"; };
		8B2E296B21EFDD3A00A125CD /* GoogleService-Info.plist */ = {isa = PBXFileReference; fileEncoding = 4; lastKnownFileType = text.plist.xml; name = "GoogleService-Info.plist"; path = "../GoogleService-Info.plist"; sourceTree = "<group>"; };
		8B96CA9B21F1374A00615D5F /* AssignmentTableView.swift */ = {isa = PBXFileReference; lastKnownFileType = sourcecode.swift; name = AssignmentTableView.swift; path = URLSessionBP/AssignmentTableView.swift; sourceTree = SOURCE_ROOT; };
		8BBBD93921EAB8790055FF57 /* AssignmentModel.swift */ = {isa = PBXFileReference; lastKnownFileType = sourcecode.swift; path = AssignmentModel.swift; sourceTree = "<group>"; };
		8BD103EE21D8282F00B5A4ED /* URLSessionBP.app */ = {isa = PBXFileReference; explicitFileType = wrapper.application; includeInIndex = 0; path = URLSessionBP.app; sourceTree = BUILT_PRODUCTS_DIR; };
		8BD103F121D8282F00B5A4ED /* AppDelegate.swift */ = {isa = PBXFileReference; lastKnownFileType = sourcecode.swift; path = AppDelegate.swift; sourceTree = "<group>"; };
		8BD103F621D8282F00B5A4ED /* Base */ = {isa = PBXFileReference; lastKnownFileType = file.storyboard; name = Base; path = Base.lproj/Main.storyboard; sourceTree = "<group>"; };
		8BD103F921D8282F00B5A4ED /* URLSessionBP.xcdatamodel */ = {isa = PBXFileReference; lastKnownFileType = wrapper.xcdatamodel; path = URLSessionBP.xcdatamodel; sourceTree = "<group>"; };
		8BD103FB21D8283100B5A4ED /* Assets.xcassets */ = {isa = PBXFileReference; lastKnownFileType = folder.assetcatalog; path = Assets.xcassets; sourceTree = "<group>"; };
		8BD103FE21D8283100B5A4ED /* Base */ = {isa = PBXFileReference; lastKnownFileType = file.storyboard; name = Base; path = Base.lproj/LaunchScreen.storyboard; sourceTree = "<group>"; };
		8BD1040021D8283100B5A4ED /* Info.plist */ = {isa = PBXFileReference; lastKnownFileType = text.plist.xml; path = Info.plist; sourceTree = "<group>"; };
		8BD1040521D8283100B5A4ED /* URLSessionBPTests.xctest */ = {isa = PBXFileReference; explicitFileType = wrapper.cfbundle; includeInIndex = 0; path = URLSessionBPTests.xctest; sourceTree = BUILT_PRODUCTS_DIR; };
		8BD1040921D8283100B5A4ED /* URLSessionBPTests.swift */ = {isa = PBXFileReference; lastKnownFileType = sourcecode.swift; path = URLSessionBPTests.swift; sourceTree = "<group>"; };
		8BD1040B21D8283100B5A4ED /* Info.plist */ = {isa = PBXFileReference; lastKnownFileType = text.plist.xml; path = Info.plist; sourceTree = "<group>"; };
		8BD1041021D8283100B5A4ED /* URLSessionBPUITests.xctest */ = {isa = PBXFileReference; explicitFileType = wrapper.cfbundle; includeInIndex = 0; path = URLSessionBPUITests.xctest; sourceTree = BUILT_PRODUCTS_DIR; };
		8BD1041421D8283100B5A4ED /* URLSessionBPUITests.swift */ = {isa = PBXFileReference; lastKnownFileType = sourcecode.swift; path = URLSessionBPUITests.swift; sourceTree = "<group>"; };
		8BD1041621D8283100B5A4ED /* Info.plist */ = {isa = PBXFileReference; lastKnownFileType = text.plist.xml; path = Info.plist; sourceTree = "<group>"; };
		A04C6B15AB7E05CCBF9EED26 /* Pods_URLSessionBPUITests.framework */ = {isa = PBXFileReference; explicitFileType = wrapper.framework; includeInIndex = 0; path = Pods_URLSessionBPUITests.framework; sourceTree = BUILT_PRODUCTS_DIR; };
		AB08443571C4B79BEB090D89 /* Pods-URLSessionBPTests.release.xcconfig */ = {isa = PBXFileReference; includeInIndex = 1; lastKnownFileType = text.xcconfig; name = "Pods-URLSessionBPTests.release.xcconfig"; path = "Pods/Target Support Files/Pods-URLSessionBPTests/Pods-URLSessionBPTests.release.xcconfig"; sourceTree = "<group>"; };
		AD13864F2535273286D4CED0 /* Pods-URLSessionBP.debug.xcconfig */ = {isa = PBXFileReference; includeInIndex = 1; lastKnownFileType = text.xcconfig; name = "Pods-URLSessionBP.debug.xcconfig"; path = "Pods/Target Support Files/Pods-URLSessionBP/Pods-URLSessionBP.debug.xcconfig"; sourceTree = "<group>"; };
		B9376765F791496DF1E4B710 /* Pods-URLSessionBPUITests.debug.xcconfig */ = {isa = PBXFileReference; includeInIndex = 1; lastKnownFileType = text.xcconfig; name = "Pods-URLSessionBPUITests.debug.xcconfig"; path = "Pods/Target Support Files/Pods-URLSessionBPUITests/Pods-URLSessionBPUITests.debug.xcconfig"; sourceTree = "<group>"; };
		D767767EA121CC174E12B299 /* Pods_URLSessionBPTests.framework */ = {isa = PBXFileReference; explicitFileType = wrapper.framework; includeInIndex = 0; path = Pods_URLSessionBPTests.framework; sourceTree = BUILT_PRODUCTS_DIR; };
/* End PBXFileReference section */

/* Begin PBXFrameworksBuildPhase section */
		8BD103EB21D8282F00B5A4ED /* Frameworks */ = {
			isa = PBXFrameworksBuildPhase;
			buildActionMask = 2147483647;
			files = (
				9AEE84DF87775F8CD668B714 /* Pods_URLSessionBP.framework in Frameworks */,
			);
			runOnlyForDeploymentPostprocessing = 0;
		};
		8BD1040221D8283100B5A4ED /* Frameworks */ = {
			isa = PBXFrameworksBuildPhase;
			buildActionMask = 2147483647;
			files = (
				5126B7CD309ABBB7692D5A58 /* Pods_URLSessionBPTests.framework in Frameworks */,
			);
			runOnlyForDeploymentPostprocessing = 0;
		};
		8BD1040D21D8283100B5A4ED /* Frameworks */ = {
			isa = PBXFrameworksBuildPhase;
			buildActionMask = 2147483647;
			files = (
				F768DBEFAA81AC2BF82DCDD9 /* Pods_URLSessionBPUITests.framework in Frameworks */,
			);
			runOnlyForDeploymentPostprocessing = 0;
		};
/* End PBXFrameworksBuildPhase section */

/* Begin PBXGroup section */
		60E46E46C2F453E392693B88 /* Frameworks */ = {
			isa = PBXGroup;
			children = (
				5AFDB9460A023C798ECA7CCA /* Pods_URLSessionBP.framework */,
				D767767EA121CC174E12B299 /* Pods_URLSessionBPTests.framework */,
				A04C6B15AB7E05CCBF9EED26 /* Pods_URLSessionBPUITests.framework */,
			);
			name = Frameworks;
			sourceTree = "<group>";
		};
		8BD103E521D8282F00B5A4ED = {
			isa = PBXGroup;
			children = (
				8BD103F021D8282F00B5A4ED /* URLSessionBP */,
				8BD1040821D8283100B5A4ED /* URLSessionBPTests */,
				8BD1041321D8283100B5A4ED /* URLSessionBPUITests */,
				8BD103EF21D8282F00B5A4ED /* Products */,
				A6E72A936A5E3E34294CF0D3 /* Pods */,
				60E46E46C2F453E392693B88 /* Frameworks */,
			);
			sourceTree = "<group>";
		};
		8BD103EF21D8282F00B5A4ED /* Products */ = {
			isa = PBXGroup;
			children = (
				8BD103EE21D8282F00B5A4ED /* URLSessionBP.app */,
				8BD1040521D8283100B5A4ED /* URLSessionBPTests.xctest */,
				8BD1041021D8283100B5A4ED /* URLSessionBPUITests.xctest */,
			);
			name = Products;
			sourceTree = "<group>";
		};
		8BD103F021D8282F00B5A4ED /* URLSessionBP */ = {
			isa = PBXGroup;
			children = (
				8BD103F121D8282F00B5A4ED /* AppDelegate.swift */,
				8B96CA9B21F1374A00615D5F /* AssignmentTableView.swift */,
				8BBBD93921EAB8790055FF57 /* AssignmentModel.swift */,
				8BD103F521D8282F00B5A4ED /* Main.storyboard */,
				8BD103FB21D8283100B5A4ED /* Assets.xcassets */,
				8BD103FD21D8283100B5A4ED /* LaunchScreen.storyboard */,
				8BD1040021D8283100B5A4ED /* Info.plist */,
				8BD103F821D8282F00B5A4ED /* URLSessionBP.xcdatamodeld */,
				8B2E296B21EFDD3A00A125CD /* GoogleService-Info.plist */,
			);
			path = URLSessionBP;
			sourceTree = "<group>";
		};
		8BD1040821D8283100B5A4ED /* URLSessionBPTests */ = {
			isa = PBXGroup;
			children = (
				8BD1040921D8283100B5A4ED /* URLSessionBPTests.swift */,
				8BD1040B21D8283100B5A4ED /* Info.plist */,
			);
			path = URLSessionBPTests;
			sourceTree = "<group>";
		};
		8BD1041321D8283100B5A4ED /* URLSessionBPUITests */ = {
			isa = PBXGroup;
			children = (
				8BD1041421D8283100B5A4ED /* URLSessionBPUITests.swift */,
				8BD1041621D8283100B5A4ED /* Info.plist */,
			);
			path = URLSessionBPUITests;
			sourceTree = "<group>";
		};
		A6E72A936A5E3E34294CF0D3 /* Pods */ = {
			isa = PBXGroup;
			children = (
				AD13864F2535273286D4CED0 /* Pods-URLSessionBP.debug.xcconfig */,
				19AF601AB3903AF2D3F222D9 /* Pods-URLSessionBP.release.xcconfig */,
				68A63FC607B7BF78133CC319 /* Pods-URLSessionBPTests.debug.xcconfig */,
				AB08443571C4B79BEB090D89 /* Pods-URLSessionBPTests.release.xcconfig */,
				B9376765F791496DF1E4B710 /* Pods-URLSessionBPUITests.debug.xcconfig */,
				3EEEFFC641908F04F4701773 /* Pods-URLSessionBPUITests.release.xcconfig */,
			);
			name = Pods;
			sourceTree = "<group>";
		};
/* End PBXGroup section */

/* Begin PBXNativeTarget section */
		8BD103ED21D8282F00B5A4ED /* URLSessionBP */ = {
			isa = PBXNativeTarget;
			buildConfigurationList = 8BD1041921D8283100B5A4ED /* Build configuration list for PBXNativeTarget "URLSessionBP" */;
			buildPhases = (
				1D82C043F5DD33DFC25E0BE7 /* [CP] Check Pods Manifest.lock */,
				8BD103EA21D8282F00B5A4ED /* Sources */,
				8BD103EB21D8282F00B5A4ED /* Frameworks */,
				8BD103EC21D8282F00B5A4ED /* Resources */,
				E336D36C1C3675FBD0D4E354 /* [CP] Embed Pods Frameworks */,
			);
			buildRules = (
			);
			dependencies = (
			);
			name = URLSessionBP;
			productName = URLSessionBP;
			productReference = 8BD103EE21D8282F00B5A4ED /* URLSessionBP.app */;
			productType = "com.apple.product-type.application";
		};
		8BD1040421D8283100B5A4ED /* URLSessionBPTests */ = {
			isa = PBXNativeTarget;
			buildConfigurationList = 8BD1041C21D8283100B5A4ED /* Build configuration list for PBXNativeTarget "URLSessionBPTests" */;
			buildPhases = (
				4E9ECF0DB7A04217E2223068 /* [CP] Check Pods Manifest.lock */,
				8BD1040121D8283100B5A4ED /* Sources */,
				8BD1040221D8283100B5A4ED /* Frameworks */,
				8BD1040321D8283100B5A4ED /* Resources */,
			);
			buildRules = (
			);
			dependencies = (
				8BD1040721D8283100B5A4ED /* PBXTargetDependency */,
			);
			name = URLSessionBPTests;
			productName = URLSessionBPTests;
			productReference = 8BD1040521D8283100B5A4ED /* URLSessionBPTests.xctest */;
			productType = "com.apple.product-type.bundle.unit-test";
		};
		8BD1040F21D8283100B5A4ED /* URLSessionBPUITests */ = {
			isa = PBXNativeTarget;
			buildConfigurationList = 8BD1041F21D8283100B5A4ED /* Build configuration list for PBXNativeTarget "URLSessionBPUITests" */;
			buildPhases = (
				C833359F1248FEDAC0A91FDE /* [CP] Check Pods Manifest.lock */,
				8BD1040C21D8283100B5A4ED /* Sources */,
				8BD1040D21D8283100B5A4ED /* Frameworks */,
				8BD1040E21D8283100B5A4ED /* Resources */,
			);
			buildRules = (
			);
			dependencies = (
				8BD1041221D8283100B5A4ED /* PBXTargetDependency */,
			);
			name = URLSessionBPUITests;
			productName = URLSessionBPUITests;
			productReference = 8BD1041021D8283100B5A4ED /* URLSessionBPUITests.xctest */;
			productType = "com.apple.product-type.bundle.ui-testing";
		};
/* End PBXNativeTarget section */

/* Begin PBXProject section */
		8BD103E621D8282F00B5A4ED /* Project object */ = {
			isa = PBXProject;
			attributes = {
				LastSwiftUpdateCheck = 1010;
				LastUpgradeCheck = 1010;
				ORGANIZATIONNAME = "Christopher Johnson";
				TargetAttributes = {
					8BD103ED21D8282F00B5A4ED = {
						CreatedOnToolsVersion = 10.1;
					};
					8BD1040421D8283100B5A4ED = {
						CreatedOnToolsVersion = 10.1;
						TestTargetID = 8BD103ED21D8282F00B5A4ED;
					};
					8BD1040F21D8283100B5A4ED = {
						CreatedOnToolsVersion = 10.1;
						TestTargetID = 8BD103ED21D8282F00B5A4ED;
					};
				};
			};
			buildConfigurationList = 8BD103E921D8282F00B5A4ED /* Build configuration list for PBXProject "URLSessionBP" */;
			compatibilityVersion = "Xcode 9.3";
			developmentRegion = en;
			hasScannedForEncodings = 0;
			knownRegions = (
				en,
				Base,
			);
			mainGroup = 8BD103E521D8282F00B5A4ED;
			productRefGroup = 8BD103EF21D8282F00B5A4ED /* Products */;
			projectDirPath = "";
			projectRoot = "";
			targets = (
				8BD103ED21D8282F00B5A4ED /* URLSessionBP */,
				8BD1040421D8283100B5A4ED /* URLSessionBPTests */,
				8BD1040F21D8283100B5A4ED /* URLSessionBPUITests */,
			);
		};
/* End PBXProject section */

/* Begin PBXResourcesBuildPhase section */
		8BD103EC21D8282F00B5A4ED /* Resources */ = {
			isa = PBXResourcesBuildPhase;
			buildActionMask = 2147483647;
			files = (
				8BD103FF21D8283100B5A4ED /* LaunchScreen.storyboard in Resources */,
				8B2E296C21EFDD3A00A125CD /* GoogleService-Info.plist in Resources */,
				8BD103FC21D8283100B5A4ED /* Assets.xcassets in Resources */,
				8BD103F721D8282F00B5A4ED /* Main.storyboard in Resources */,
			);
			runOnlyForDeploymentPostprocessing = 0;
		};
		8BD1040321D8283100B5A4ED /* Resources */ = {
			isa = PBXResourcesBuildPhase;
			buildActionMask = 2147483647;
			files = (
			);
			runOnlyForDeploymentPostprocessing = 0;
		};
		8BD1040E21D8283100B5A4ED /* Resources */ = {
			isa = PBXResourcesBuildPhase;
			buildActionMask = 2147483647;
			files = (
			);
			runOnlyForDeploymentPostprocessing = 0;
		};
/* End PBXResourcesBuildPhase section */

/* Begin PBXShellScriptBuildPhase section */
		1D82C043F5DD33DFC25E0BE7 /* [CP] Check Pods Manifest.lock */ = {
			isa = PBXShellScriptBuildPhase;
			buildActionMask = 2147483647;
			files = (
			);
			inputFileListPaths = (
			);
			inputPaths = (
				"${PODS_PODFILE_DIR_PATH}/Podfile.lock",
				"${PODS_ROOT}/Manifest.lock",
			);
			name = "[CP] Check Pods Manifest.lock";
			outputFileListPaths = (
			);
			outputPaths = (
				"$(DERIVED_FILE_DIR)/Pods-URLSessionBP-checkManifestLockResult.txt",
			);
			runOnlyForDeploymentPostprocessing = 0;
			shellPath = /bin/sh;
			shellScript = "diff \"${PODS_PODFILE_DIR_PATH}/Podfile.lock\" \"${PODS_ROOT}/Manifest.lock\" > /dev/null\nif [ $? != 0 ] ; then\n    # print error to STDERR\n    echo \"error: The sandbox is not in sync with the Podfile.lock. Run 'pod install' or update your CocoaPods installation.\" >&2\n    exit 1\nfi\n# This output is used by Xcode 'outputs' to avoid re-running this script phase.\necho \"SUCCESS\" > \"${SCRIPT_OUTPUT_FILE_0}\"\n";
			showEnvVarsInLog = 0;
		};
		4E9ECF0DB7A04217E2223068 /* [CP] Check Pods Manifest.lock */ = {
			isa = PBXShellScriptBuildPhase;
			buildActionMask = 2147483647;
			files = (
			);
			inputFileListPaths = (
			);
			inputPaths = (
				"${PODS_PODFILE_DIR_PATH}/Podfile.lock",
				"${PODS_ROOT}/Manifest.lock",
			);
			name = "[CP] Check Pods Manifest.lock";
			outputFileListPaths = (
			);
			outputPaths = (
				"$(DERIVED_FILE_DIR)/Pods-URLSessionBPTests-checkManifestLockResult.txt",
			);
			runOnlyForDeploymentPostprocessing = 0;
			shellPath = /bin/sh;
			shellScript = "diff \"${PODS_PODFILE_DIR_PATH}/Podfile.lock\" \"${PODS_ROOT}/Manifest.lock\" > /dev/null\nif [ $? != 0 ] ; then\n    # print error to STDERR\n    echo \"error: The sandbox is not in sync with the Podfile.lock. Run 'pod install' or update your CocoaPods installation.\" >&2\n    exit 1\nfi\n# This output is used by Xcode 'outputs' to avoid re-running this script phase.\necho \"SUCCESS\" > \"${SCRIPT_OUTPUT_FILE_0}\"\n";
			showEnvVarsInLog = 0;
		};
		C833359F1248FEDAC0A91FDE /* [CP] Check Pods Manifest.lock */ = {
			isa = PBXShellScriptBuildPhase;
			buildActionMask = 2147483647;
			files = (
			);
			inputFileListPaths = (
			);
			inputPaths = (
				"${PODS_PODFILE_DIR_PATH}/Podfile.lock",
				"${PODS_ROOT}/Manifest.lock",
			);
			name = "[CP] Check Pods Manifest.lock";
			outputFileListPaths = (
			);
			outputPaths = (
				"$(DERIVED_FILE_DIR)/Pods-URLSessionBPUITests-checkManifestLockResult.txt",
			);
			runOnlyForDeploymentPostprocessing = 0;
			shellPath = /bin/sh;
			shellScript = "diff \"${PODS_PODFILE_DIR_PATH}/Podfile.lock\" \"${PODS_ROOT}/Manifest.lock\" > /dev/null\nif [ $? != 0 ] ; then\n    # print error to STDERR\n    echo \"error: The sandbox is not in sync with the Podfile.lock. Run 'pod install' or update your CocoaPods installation.\" >&2\n    exit 1\nfi\n# This output is used by Xcode 'outputs' to avoid re-running this script phase.\necho \"SUCCESS\" > \"${SCRIPT_OUTPUT_FILE_0}\"\n";
			showEnvVarsInLog = 0;
		};
		E336D36C1C3675FBD0D4E354 /* [CP] Embed Pods Frameworks */ = {
			isa = PBXShellScriptBuildPhase;
			buildActionMask = 2147483647;
			files = (
			);
			inputFileListPaths = (
			);
			inputPaths = (
				"${SRCROOT}/Pods/Target Support Files/Pods-URLSessionBP/Pods-URLSessionBP-frameworks.sh",
				"${BUILT_PRODUCTS_DIR}/GoogleToolboxForMac/GoogleToolboxForMac.framework",
				"${BUILT_PRODUCTS_DIR}/nanopb/nanopb.framework",
			);
			name = "[CP] Embed Pods Frameworks";
			outputFileListPaths = (
			);
			outputPaths = (
				"${TARGET_BUILD_DIR}/${FRAMEWORKS_FOLDER_PATH}/GoogleToolboxForMac.framework",
				"${TARGET_BUILD_DIR}/${FRAMEWORKS_FOLDER_PATH}/nanopb.framework",
			);
			runOnlyForDeploymentPostprocessing = 0;
			shellPath = /bin/sh;
			shellScript = "\"${SRCROOT}/Pods/Target Support Files/Pods-URLSessionBP/Pods-URLSessionBP-frameworks.sh\"\n";
			showEnvVarsInLog = 0;
		};
/* End PBXShellScriptBuildPhase section */

/* Begin PBXSourcesBuildPhase section */
		8BD103EA21D8282F00B5A4ED /* Sources */ = {
			isa = PBXSourcesBuildPhase;
			buildActionMask = 2147483647;
			files = (
				8B96CA9C21F1374A00615D5F /* AssignmentTableView.swift in Sources */,
				8BD103FA21D8282F00B5A4ED /* URLSessionBP.xcdatamodeld in Sources */,
				8BBBD93A21EAB8790055FF57 /* AssignmentModel.swift in Sources */,
				8BD103F221D8282F00B5A4ED /* AppDelegate.swift in Sources */,
			);
			runOnlyForDeploymentPostprocessing = 0;
		};
		8BD1040121D8283100B5A4ED /* Sources */ = {
			isa = PBXSourcesBuildPhase;
			buildActionMask = 2147483647;
			files = (
				8BD1040A21D8283100B5A4ED /* URLSessionBPTests.swift in Sources */,
			);
			runOnlyForDeploymentPostprocessing = 0;
		};
		8BD1040C21D8283100B5A4ED /* Sources */ = {
			isa = PBXSourcesBuildPhase;
			buildActionMask = 2147483647;
			files = (
				8BD1041521D8283100B5A4ED /* URLSessionBPUITests.swift in Sources */,
			);
			runOnlyForDeploymentPostprocessing = 0;
		};
/* End PBXSourcesBuildPhase section */

/* Begin PBXTargetDependency section */
		8BD1040721D8283100B5A4ED /* PBXTargetDependency */ = {
			isa = PBXTargetDependency;
			target = 8BD103ED21D8282F00B5A4ED /* URLSessionBP */;
			targetProxy = 8BD1040621D8283100B5A4ED /* PBXContainerItemProxy */;
		};
		8BD1041221D8283100B5A4ED /* PBXTargetDependency */ = {
			isa = PBXTargetDependency;
			target = 8BD103ED21D8282F00B5A4ED /* URLSessionBP */;
			targetProxy = 8BD1041121D8283100B5A4ED /* PBXContainerItemProxy */;
		};
/* End PBXTargetDependency section */

/* Begin PBXVariantGroup section */
		8BD103F521D8282F00B5A4ED /* Main.storyboard */ = {
			isa = PBXVariantGroup;
			children = (
				8BD103F621D8282F00B5A4ED /* Base */,
			);
			name = Main.storyboard;
			sourceTree = "<group>";
		};
		8BD103FD21D8283100B5A4ED /* LaunchScreen.storyboard */ = {
			isa = PBXVariantGroup;
			children = (
				8BD103FE21D8283100B5A4ED /* Base */,
			);
			name = LaunchScreen.storyboard;
			sourceTree = "<group>";
		};
/* End PBXVariantGroup section */

/* Begin XCBuildConfiguration section */
		8BD1041721D8283100B5A4ED /* Debug */ = {
			isa = XCBuildConfiguration;
			buildSettings = {
				ALWAYS_SEARCH_USER_PATHS = NO;
				CLANG_ANALYZER_NONNULL = YES;
				CLANG_ANALYZER_NUMBER_OBJECT_CONVERSION = YES_AGGRESSIVE;
				CLANG_CXX_LANGUAGE_STANDARD = "gnu++14";
				CLANG_CXX_LIBRARY = "libc++";
				CLANG_ENABLE_MODULES = YES;
				CLANG_ENABLE_OBJC_ARC = YES;
				CLANG_ENABLE_OBJC_WEAK = YES;
				CLANG_WARN_BLOCK_CAPTURE_AUTORELEASING = YES;
				CLANG_WARN_BOOL_CONVERSION = YES;
				CLANG_WARN_COMMA = YES;
				CLANG_WARN_CONSTANT_CONVERSION = YES;
				CLANG_WARN_DEPRECATED_OBJC_IMPLEMENTATIONS = YES;
				CLANG_WARN_DIRECT_OBJC_ISA_USAGE = YES_ERROR;
				CLANG_WARN_DOCUMENTATION_COMMENTS = YES;
				CLANG_WARN_EMPTY_BODY = YES;
				CLANG_WARN_ENUM_CONVERSION = YES;
				CLANG_WARN_INFINITE_RECURSION = YES;
				CLANG_WARN_INT_CONVERSION = YES;
				CLANG_WARN_NON_LITERAL_NULL_CONVERSION = YES;
				CLANG_WARN_OBJC_IMPLICIT_RETAIN_SELF = YES;
				CLANG_WARN_OBJC_LITERAL_CONVERSION = YES;
				CLANG_WARN_OBJC_ROOT_CLASS = YES_ERROR;
				CLANG_WARN_RANGE_LOOP_ANALYSIS = YES;
				CLANG_WARN_STRICT_PROTOTYPES = YES;
				CLANG_WARN_SUSPICIOUS_MOVE = YES;
				CLANG_WARN_UNGUARDED_AVAILABILITY = YES_AGGRESSIVE;
				CLANG_WARN_UNREACHABLE_CODE = YES;
				CLANG_WARN__DUPLICATE_METHOD_MATCH = YES;
				CODE_SIGN_IDENTITY = "iPhone Developer";
				COPY_PHASE_STRIP = NO;
				DEBUG_INFORMATION_FORMAT = dwarf;
				ENABLE_STRICT_OBJC_MSGSEND = YES;
				ENABLE_TESTABILITY = YES;
				GCC_C_LANGUAGE_STANDARD = gnu11;
				GCC_DYNAMIC_NO_PIC = NO;
				GCC_NO_COMMON_BLOCKS = YES;
				GCC_OPTIMIZATION_LEVEL = 0;
				GCC_PREPROCESSOR_DEFINITIONS = (
					"DEBUG=1",
					"$(inherited)",
				);
				GCC_WARN_64_TO_32_BIT_CONVERSION = YES;
				GCC_WARN_ABOUT_RETURN_TYPE = YES_ERROR;
				GCC_WARN_UNDECLARED_SELECTOR = YES;
				GCC_WARN_UNINITIALIZED_AUTOS = YES_AGGRESSIVE;
				GCC_WARN_UNUSED_FUNCTION = YES;
				GCC_WARN_UNUSED_VARIABLE = YES;
				IPHONEOS_DEPLOYMENT_TARGET = 12.1;
				MTL_ENABLE_DEBUG_INFO = INCLUDE_SOURCE;
				MTL_FAST_MATH = YES;
				ONLY_ACTIVE_ARCH = YES;
				SDKROOT = iphoneos;
				SWIFT_ACTIVE_COMPILATION_CONDITIONS = DEBUG;
				SWIFT_OPTIMIZATION_LEVEL = "-Onone";
			};
			name = Debug;
		};
		8BD1041821D8283100B5A4ED /* Release */ = {
			isa = XCBuildConfiguration;
			buildSettings = {
				ALWAYS_SEARCH_USER_PATHS = NO;
				CLANG_ANALYZER_NONNULL = YES;
				CLANG_ANALYZER_NUMBER_OBJECT_CONVERSION = YES_AGGRESSIVE;
				CLANG_CXX_LANGUAGE_STANDARD = "gnu++14";
				CLANG_CXX_LIBRARY = "libc++";
				CLANG_ENABLE_MODULES = YES;
				CLANG_ENABLE_OBJC_ARC = YES;
				CLANG_ENABLE_OBJC_WEAK = YES;
				CLANG_WARN_BLOCK_CAPTURE_AUTORELEASING = YES;
				CLANG_WARN_BOOL_CONVERSION = YES;
				CLANG_WARN_COMMA = YES;
				CLANG_WARN_CONSTANT_CONVERSION = YES;
				CLANG_WARN_DEPRECATED_OBJC_IMPLEMENTATIONS = YES;
				CLANG_WARN_DIRECT_OBJC_ISA_USAGE = YES_ERROR;
				CLANG_WARN_DOCUMENTATION_COMMENTS = YES;
				CLANG_WARN_EMPTY_BODY = YES;
				CLANG_WARN_ENUM_CONVERSION = YES;
				CLANG_WARN_INFINITE_RECURSION = YES;
				CLANG_WARN_INT_CONVERSION = YES;
				CLANG_WARN_NON_LITERAL_NULL_CONVERSION = YES;
				CLANG_WARN_OBJC_IMPLICIT_RETAIN_SELF = YES;
				CLANG_WARN_OBJC_LITERAL_CONVERSION = YES;
				CLANG_WARN_OBJC_ROOT_CLASS = YES_ERROR;
				CLANG_WARN_RANGE_LOOP_ANALYSIS = YES;
				CLANG_WARN_STRICT_PROTOTYPES = YES;
				CLANG_WARN_SUSPICIOUS_MOVE = YES;
				CLANG_WARN_UNGUARDED_AVAILABILITY = YES_AGGRESSIVE;
				CLANG_WARN_UNREACHABLE_CODE = YES;
				CLANG_WARN__DUPLICATE_METHOD_MATCH = YES;
				CODE_SIGN_IDENTITY = "iPhone Developer";
				COPY_PHASE_STRIP = NO;
				DEBUG_INFORMATION_FORMAT = "dwarf-with-dsym";
				ENABLE_NS_ASSERTIONS = NO;
				ENABLE_STRICT_OBJC_MSGSEND = YES;
				GCC_C_LANGUAGE_STANDARD = gnu11;
				GCC_NO_COMMON_BLOCKS = YES;
				GCC_WARN_64_TO_32_BIT_CONVERSION = YES;
				GCC_WARN_ABOUT_RETURN_TYPE = YES_ERROR;
				GCC_WARN_UNDECLARED_SELECTOR = YES;
				GCC_WARN_UNINITIALIZED_AUTOS = YES_AGGRESSIVE;
				GCC_WARN_UNUSED_FUNCTION = YES;
				GCC_WARN_UNUSED_VARIABLE = YES;
				IPHONEOS_DEPLOYMENT_TARGET = 12.1;
				MTL_ENABLE_DEBUG_INFO = NO;
				MTL_FAST_MATH = YES;
				SDKROOT = iphoneos;
				SWIFT_COMPILATION_MODE = wholemodule;
				SWIFT_OPTIMIZATION_LEVEL = "-O";
				VALIDATE_PRODUCT = YES;
			};
			name = Release;
		};
		8BD1041A21D8283100B5A4ED /* Debug */ = {
			isa = XCBuildConfiguration;
			baseConfigurationReference = AD13864F2535273286D4CED0 /* Pods-URLSessionBP.debug.xcconfig */;
			buildSettings = {
				ASSETCATALOG_COMPILER_APPICON_NAME = AppIcon;
				CODE_SIGN_STYLE = Automatic;
				DEVELOPMENT_TEAM = ZVKM6PETHB;
				INFOPLIST_FILE = URLSessionBP/Info.plist;
				LD_RUNPATH_SEARCH_PATHS = (
					"$(inherited)",
					"@executable_path/Frameworks",
				);
				PRODUCT_BUNDLE_IDENTIFIER = com.skyfarmeducation.URLSessionBP;
				PRODUCT_NAME = "$(TARGET_NAME)";
				SWIFT_VERSION = 4.2;
				TARGETED_DEVICE_FAMILY = "1,2";
			};
			name = Debug;
		};
		8BD1041B21D8283100B5A4ED /* Release */ = {
			isa = XCBuildConfiguration;
			baseConfigurationReference = 19AF601AB3903AF2D3F222D9 /* Pods-URLSessionBP.release.xcconfig */;
			buildSettings = {
				ASSETCATALOG_COMPILER_APPICON_NAME = AppIcon;
				CODE_SIGN_STYLE = Automatic;
				DEVELOPMENT_TEAM = ZVKM6PETHB;
				INFOPLIST_FILE = URLSessionBP/Info.plist;
				LD_RUNPATH_SEARCH_PATHS = (
					"$(inherited)",
					"@executable_path/Frameworks",
				);
				PRODUCT_BUNDLE_IDENTIFIER = com.skyfarmeducation.URLSessionBP;
				PRODUCT_NAME = "$(TARGET_NAME)";
				SWIFT_VERSION = 4.2;
				TARGETED_DEVICE_FAMILY = "1,2";
			};
			name = Release;
		};
		8BD1041D21D8283100B5A4ED /* Debug */ = {
			isa = XCBuildConfiguration;
			baseConfigurationReference = 68A63FC607B7BF78133CC319 /* Pods-URLSessionBPTests.debug.xcconfig */;
			buildSettings = {
				ALWAYS_EMBED_SWIFT_STANDARD_LIBRARIES = YES;
				BUNDLE_LOADER = "$(TEST_HOST)";
				CODE_SIGN_STYLE = Automatic;
				DEVELOPMENT_TEAM = ZVKM6PETHB;
				INFOPLIST_FILE = URLSessionBPTests/Info.plist;
				LD_RUNPATH_SEARCH_PATHS = (
					"$(inherited)",
					"@executable_path/Frameworks",
					"@loader_path/Frameworks",
				);
				PRODUCT_BUNDLE_IDENTIFIER = com.skyfarmeducation.URLSessionBPTests;
				PRODUCT_NAME = "$(TARGET_NAME)";
				SWIFT_VERSION = 4.2;
				TARGETED_DEVICE_FAMILY = "1,2";
				TEST_HOST = "$(BUILT_PRODUCTS_DIR)/URLSessionBP.app/URLSessionBP";
			};
			name = Debug;
		};
		8BD1041E21D8283100B5A4ED /* Release */ = {
			isa = XCBuildConfiguration;
			baseConfigurationReference = AB08443571C4B79BEB090D89 /* Pods-URLSessionBPTests.release.xcconfig */;
			buildSettings = {
				ALWAYS_EMBED_SWIFT_STANDARD_LIBRARIES = YES;
				BUNDLE_LOADER = "$(TEST_HOST)";
				CODE_SIGN_STYLE = Automatic;
				DEVELOPMENT_TEAM = ZVKM6PETHB;
				INFOPLIST_FILE = URLSessionBPTests/Info.plist;
				LD_RUNPATH_SEARCH_PATHS = (
					"$(inherited)",
					"@executable_path/Frameworks",
					"@loader_path/Frameworks",
				);
				PRODUCT_BUNDLE_IDENTIFIER = com.skyfarmeducation.URLSessionBPTests;
				PRODUCT_NAME = "$(TARGET_NAME)";
				SWIFT_VERSION = 4.2;
				TARGETED_DEVICE_FAMILY = "1,2";
				TEST_HOST = "$(BUILT_PRODUCTS_DIR)/URLSessionBP.app/URLSessionBP";
			};
			name = Release;
		};
		8BD1042021D8283100B5A4ED /* Debug */ = {
			isa = XCBuildConfiguration;
			baseConfigurationReference = B9376765F791496DF1E4B710 /* Pods-URLSessionBPUITests.debug.xcconfig */;
			buildSettings = {
				ALWAYS_EMBED_SWIFT_STANDARD_LIBRARIES = YES;
				CODE_SIGN_STYLE = Automatic;
				DEVELOPMENT_TEAM = ZVKM6PETHB;
				INFOPLIST_FILE = URLSessionBPUITests/Info.plist;
				LD_RUNPATH_SEARCH_PATHS = (
					"$(inherited)",
					"@executable_path/Frameworks",
					"@loader_path/Frameworks",
				);
				PRODUCT_BUNDLE_IDENTIFIER = com.skyfarmeducation.URLSessionBPUITests;
				PRODUCT_NAME = "$(TARGET_NAME)";
				SWIFT_VERSION = 4.2;
				TARGETED_DEVICE_FAMILY = "1,2";
				TEST_TARGET_NAME = URLSessionBP;
			};
			name = Debug;
		};
		8BD1042121D8283100B5A4ED /* Release */ = {
			isa = XCBuildConfiguration;
			baseConfigurationReference = 3EEEFFC641908F04F4701773 /* Pods-URLSessionBPUITests.release.xcconfig */;
			buildSettings = {
				ALWAYS_EMBED_SWIFT_STANDARD_LIBRARIES = YES;
				CODE_SIGN_STYLE = Automatic;
				DEVELOPMENT_TEAM = ZVKM6PETHB;
				INFOPLIST_FILE = URLSessionBPUITests/Info.plist;
				LD_RUNPATH_SEARCH_PATHS = (
					"$(inherited)",
					"@executable_path/Frameworks",
					"@loader_path/Frameworks",
				);
				PRODUCT_BUNDLE_IDENTIFIER = com.skyfarmeducation.URLSessionBPUITests;
				PRODUCT_NAME = "$(TARGET_NAME)";
				SWIFT_VERSION = 4.2;
				TARGETED_DEVICE_FAMILY = "1,2";
				TEST_TARGET_NAME = URLSessionBP;
			};
			name = Release;
		};
/* End XCBuildConfiguration section */

/* Begin XCConfigurationList section */
		8BD103E921D8282F00B5A4ED /* Build configuration list for PBXProject "URLSessionBP" */ = {
			isa = XCConfigurationList;
			buildConfigurations = (
				8BD1041721D8283100B5A4ED /* Debug */,
				8BD1041821D8283100B5A4ED /* Release */,
			);
			defaultConfigurationIsVisible = 0;
			defaultConfigurationName = Release;
		};
		8BD1041921D8283100B5A4ED /* Build configuration list for PBXNativeTarget "URLSessionBP" */ = {
			isa = XCConfigurationList;
			buildConfigurations = (
				8BD1041A21D8283100B5A4ED /* Debug */,
				8BD1041B21D8283100B5A4ED /* Release */,
			);
			defaultConfigurationIsVisible = 0;
			defaultConfigurationName = Release;
		};
		8BD1041C21D8283100B5A4ED /* Build configuration list for PBXNativeTarget "URLSessionBPTests" */ = {
			isa = XCConfigurationList;
			buildConfigurations = (
				8BD1041D21D8283100B5A4ED /* Debug */,
				8BD1041E21D8283100B5A4ED /* Release */,
			);
			defaultConfigurationIsVisible = 0;
			defaultConfigurationName = Release;
		};
		8BD1041F21D8283100B5A4ED /* Build configuration list for PBXNativeTarget "URLSessionBPUITests" */ = {
			isa = XCConfigurationList;
			buildConfigurations = (
				8BD1042021D8283100B5A4ED /* Debug */,
				8BD1042121D8283100B5A4ED /* Release */,
			);
			defaultConfigurationIsVisible = 0;
			defaultConfigurationName = Release;
		};
/* End XCConfigurationList section */

/* Begin XCVersionGroup section */
		8BD103F821D8282F00B5A4ED /* URLSessionBP.xcdatamodeld */ = {
			isa = XCVersionGroup;
			children = (
				8BD103F921D8282F00B5A4ED /* URLSessionBP.xcdatamodel */,
			);
			currentVersion = 8BD103F921D8282F00B5A4ED /* URLSessionBP.xcdatamodel */;
			path = URLSessionBP.xcdatamodeld;
			sourceTree = "<group>";
			versionGroupType = wrapper.xcdatamodel;
		};
/* End XCVersionGroup section */
	};
	rootObject = 8BD103E621D8282F00B5A4ED /* Project object */;
}
